
Microsoft Visual Studio Solution File, Format Version 12.00
# Visual Studio Version 17
VisualStudioVersion = 17.8.34525.116
MinimumVisualStudioVersion = 10.0.40219.1
Project("{2150E333-8FDC-42A3-9474-1A3956D46DE8}") = "FrontEnd", "FrontEnd", "{FDF987C8-1BA3-425F-AD13-407C5880BC8D}"
EndProject
Project("{2150E333-8FDC-42A3-9474-1A3956D46DE8}") = "Gateway", "Gateway", "{5EA400B1-508E-497C-810F-5BA4D2C3FBEE}"
EndProject
Project("{2150E333-8FDC-42A3-9474-1A3956D46DE8}") = "Integration", "Integration", "{EFB8A512-6C1C-4985-A49F-942E4B6D8BE1}"
EndProject
Project("{2150E333-8FDC-42A3-9474-1A3956D46DE8}") = "Services", "Services", "{DCDAB8CA-74DB-4A4B-A422-885E390AB5C9}"
EndProject
Project("{FAE04EC0-301F-11D3-BF4B-00C04F79EFBC}") = "Mang.Services.CouponAPI", "Mang.Services.CouponAPI\Mang.Services.CouponAPI.csproj", "{05A6EE27-C58E-4CB1-8629-607FF66B440B}"
EndProject
Project("{FAE04EC0-301F-11D3-BF4B-00C04F79EFBC}") = "Mang.Web", "Mang.Web\Mang.Web.csproj", "{87406557-4F4B-4240-8A91-1D8B640A5E1C}"
EndProject
Project("{FAE04EC0-301F-11D3-BF4B-00C04F79EFBC}") = "Mang.Services.AuthAPI", "Mang.Services.AuthAPI\Mang.Services.AuthAPI.csproj", "{26F048C1-CF18-4031-BA78-4FE61EE8F948}"
EndProject
Project("{FAE04EC0-301F-11D3-BF4B-00C04F79EFBC}") = "Mang.Services.ProductAPI", "Mang.Services.ProductAPI\Mang.Services.ProductAPI.csproj", "{CC725F4A-4A2B-4548-AE7B-ECDBDF258E7A}"
EndProject
Project("{FAE04EC0-301F-11D3-BF4B-00C04F79EFBC}") = "Mang.Services.ShoppingCartAPI", "Mang.Services.ShoppingCartAPI\Mang.Services.ShoppingCartAPI.csproj", "{B6D36A4B-D1D9-484E-9AAA-3318CBC250B7}"
EndProject
Project("{FAE04EC0-301F-11D3-BF4B-00C04F79EFBC}") = "Mang.MessageBusService", "Mang.MessageBusService\Mang.MessageBusService.csproj", "{F2F9303F-4191-4057-B379-23EBA8B44F0B}"
EndProject
Project("{FAE04EC0-301F-11D3-BF4B-00C04F79EFBC}") = "Mang.Services.EmailAPI", "Mang.Services.EmailAPI\Mang.Services.EmailAPI.csproj", "{F2691FFF-8388-434C-9D26-ACA182AAB2C4}"
EndProject
Project("{FAE04EC0-301F-11D3-BF4B-00C04F79EFBC}") = "Mang.Services.OrderAPI", "Mang.Services.OrderAPI\Mang.Services.OrderAPI.csproj", "{BA83A6A4-B6EE-4CD8-B68F-2080F2F922FF}"
EndProject
Project("{FAE04EC0-301F-11D3-BF4B-00C04F79EFBC}") = "Mang.Services.RewardAPI", "Mang.Services.RewardAPI\Mang.Services.RewardAPI.csproj", "{0A7ED7A1-033E-4FD6-A8CD-7F44FA5831F9}"
EndProject
Project("{FAE04EC0-301F-11D3-BF4B-00C04F79EFBC}") = "Mang.GatewaySolution", "Mang.GatewaySolution\Mang.GatewaySolution.csproj", "{C67C0F0B-4611-40C0-851A-182E6278E3E1}"
EndProject
Global
	GlobalSection(SolutionConfigurationPlatforms) = preSolution
		Debug|Any CPU = Debug|Any CPU
		Release|Any CPU = Release|Any CPU
	EndGlobalSection
	GlobalSection(ProjectConfigurationPlatforms) = postSolution
		{05A6EE27-C58E-4CB1-8629-607FF66B440B}.Debug|Any CPU.ActiveCfg = Debug|Any CPU
		{05A6EE27-C58E-4CB1-8629-607FF66B440B}.Debug|Any CPU.Build.0 = Debug|Any CPU
		{05A6EE27-C58E-4CB1-8629-607FF66B440B}.Release|Any CPU.ActiveCfg = Release|Any CPU
		{05A6EE27-C58E-4CB1-8629-607FF66B440B}.Release|Any CPU.Build.0 = Release|Any CPU
		{87406557-4F4B-4240-8A91-1D8B640A5E1C}.Debug|Any CPU.ActiveCfg = Debug|Any CPU
		{87406557-4F4B-4240-8A91-1D8B640A5E1C}.Debug|Any CPU.Build.0 = Debug|Any CPU
		{87406557-4F4B-4240-8A91-1D8B640A5E1C}.Release|Any CPU.ActiveCfg = Release|Any CPU
		{87406557-4F4B-4240-8A91-1D8B640A5E1C}.Release|Any CPU.Build.0 = Release|Any CPU
		{26F048C1-CF18-4031-BA78-4FE61EE8F948}.Debug|Any CPU.ActiveCfg = Debug|Any CPU
		{26F048C1-CF18-4031-BA78-4FE61EE8F948}.Debug|Any CPU.Build.0 = Debug|Any CPU
		{26F048C1-CF18-4031-BA78-4FE61EE8F948}.Release|Any CPU.ActiveCfg = Release|Any CPU
		{26F048C1-CF18-4031-BA78-4FE61EE8F948}.Release|Any CPU.Build.0 = Release|Any CPU
		{CC725F4A-4A2B-4548-AE7B-ECDBDF258E7A}.Debug|Any CPU.ActiveCfg = Debug|Any CPU
		{CC725F4A-4A2B-4548-AE7B-ECDBDF258E7A}.Debug|Any CPU.Build.0 = Debug|Any CPU
		{CC725F4A-4A2B-4548-AE7B-ECDBDF258E7A}.Release|Any CPU.ActiveCfg = Release|Any CPU
		{CC725F4A-4A2B-4548-AE7B-ECDBDF258E7A}.Release|Any CPU.Build.0 = Release|Any CPU
		{B6D36A4B-D1D9-484E-9AAA-3318CBC250B7}.Debug|Any CPU.ActiveCfg = Debug|Any CPU
		{B6D36A4B-D1D9-484E-9AAA-3318CBC250B7}.Debug|Any CPU.Build.0 = Debug|Any CPU
		{B6D36A4B-D1D9-484E-9AAA-3318CBC250B7}.Release|Any CPU.ActiveCfg = Release|Any CPU
		{B6D36A4B-D1D9-484E-9AAA-3318CBC250B7}.Release|Any CPU.Build.0 = Release|Any CPU
		{F2F9303F-4191-4057-B379-23EBA8B44F0B}.Debug|Any CPU.ActiveCfg = Debug|Any CPU
		{F2F9303F-4191-4057-B379-23EBA8B44F0B}.Debug|Any CPU.Build.0 = Debug|Any CPU
		{F2F9303F-4191-4057-B379-23EBA8B44F0B}.Release|Any CPU.ActiveCfg = Release|Any CPU
		{F2F9303F-4191-4057-B379-23EBA8B44F0B}.Release|Any CPU.Build.0 = Release|Any CPU
		{F2691FFF-8388-434C-9D26-ACA182AAB2C4}.Debug|Any CPU.ActiveCfg = Debug|Any CPU
		{F2691FFF-8388-434C-9D26-ACA182AAB2C4}.Debug|Any CPU.Build.0 = Debug|Any CPU
		{F2691FFF-8388-434C-9D26-ACA182AAB2C4}.Release|Any CPU.ActiveCfg = Release|Any CPU
		{F2691FFF-8388-434C-9D26-ACA182AAB2C4}.Release|Any CPU.Build.0 = Release|Any CPU
		{BA83A6A4-B6EE-4CD8-B68F-2080F2F922FF}.Debug|Any CPU.ActiveCfg = Debug|Any CPU
		{BA83A6A4-B6EE-4CD8-B68F-2080F2F922FF}.Debug|Any CPU.Build.0 = Debug|Any CPU
		{BA83A6A4-B6EE-4CD8-B68F-2080F2F922FF}.Release|Any CPU.ActiveCfg = Release|Any CPU
		{BA83A6A4-B6EE-4CD8-B68F-2080F2F922FF}.Release|Any CPU.Build.0 = Release|Any CPU
		{0A7ED7A1-033E-4FD6-A8CD-7F44FA5831F9}.Debug|Any CPU.ActiveCfg = Debug|Any CPU
		{0A7ED7A1-033E-4FD6-A8CD-7F44FA5831F9}.Debug|Any CPU.Build.0 = Debug|Any CPU
		{0A7ED7A1-033E-4FD6-A8CD-7F44FA5831F9}.Release|Any CPU.ActiveCfg = Release|Any CPU
		{0A7ED7A1-033E-4FD6-A8CD-7F44FA5831F9}.Release|Any CPU.Build.0 = Release|Any CPU
		{C67C0F0B-4611-40C0-851A-182E6278E3E1}.Debug|Any CPU.ActiveCfg = Debug|Any CPU
		{C67C0F0B-4611-40C0-851A-182E6278E3E1}.Debug|Any CPU.Build.0 = Debug|Any CPU
		{C67C0F0B-4611-40C0-851A-182E6278E3E1}.Release|Any CPU.ActiveCfg = Release|Any CPU
		{C67C0F0B-4611-40C0-851A-182E6278E3E1}.Release|Any CPU.Build.0 = Release|Any CPU
	EndGlobalSection
	GlobalSection(SolutionProperties) = preSolution
		HideSolutionNode = FALSE
	EndGlobalSection
	GlobalSection(NestedProjects) = preSolution
		{05A6EE27-C58E-4CB1-8629-607FF66B440B} = {DCDAB8CA-74DB-4A4B-A422-885E390AB5C9}
		{87406557-4F4B-4240-8A91-1D8B640A5E1C} = {FDF987C8-1BA3-425F-AD13-407C5880BC8D}
		{26F048C1-CF18-4031-BA78-4FE61EE8F948} = {DCDAB8CA-74DB-4A4B-A422-885E390AB5C9}
		{CC725F4A-4A2B-4548-AE7B-ECDBDF258E7A} = {DCDAB8CA-74DB-4A4B-A422-885E390AB5C9}
		{B6D36A4B-D1D9-484E-9AAA-3318CBC250B7} = {DCDAB8CA-74DB-4A4B-A422-885E390AB5C9}
		{F2F9303F-4191-4057-B379-23EBA8B44F0B} = {EFB8A512-6C1C-4985-A49F-942E4B6D8BE1}
		{F2691FFF-8388-434C-9D26-ACA182AAB2C4} = {DCDAB8CA-74DB-4A4B-A422-885E390AB5C9}
		{BA83A6A4-B6EE-4CD8-B68F-2080F2F922FF} = {DCDAB8CA-74DB-4A4B-A422-885E390AB5C9}
		{0A7ED7A1-033E-4FD6-A8CD-7F44FA5831F9} = {DCDAB8CA-74DB-4A4B-A422-885E390AB5C9}
		{C67C0F0B-4611-40C0-851A-182E6278E3E1} = {5EA400B1-508E-497C-810F-5BA4D2C3FBEE}
	EndGlobalSection
	GlobalSection(ExtensibilityGlobals) = postSolution
		SolutionGuid = {9D6BAAF1-0475-44C5-B42B-E92C6AC33A08}
	EndGlobalSection
EndGlobal
